{
  "name": "new_tax",
  "lockfileVersion": 3,
  "requires": true,
  "packages": {
    "": {
      "dependencies": {
        "@bufbuild/protobuf": "^2.9.0",
        "@connectrpc/connect": "^2.1.0",
        "@connectrpc/connect-web": "^2.1.0"
      }
    },
    "node_modules/@bufbuild/protobuf": {
      "version": "2.9.0",
      "resolved": "https://registry.npmjs.org/@bufbuild/protobuf/-/protobuf-2.9.0.tgz",
      "integrity": "sha512-rnJenoStJ8nvmt9Gzye8nkYd6V22xUAnu4086ER7h1zJ508vStko4pMvDeQ446ilDTFpV5wnoc5YS7XvMwwMqA==",
      "license": "(Apache-2.0 AND BSD-3-Clause)"
    },
    "node_modules/@connectrpc/connect": {
      "version": "2.1.0",
      "resolved": "https://registry.npmjs.org/@connectrpc/connect/-/connect-2.1.0.tgz",
      "integrity": "sha512-xhiwnYlJNHzmFsRw+iSPIwXR/xweTvTw8x5HiwWp10sbVtd4OpOXbRgE7V58xs1EC17fzusF1f5uOAy24OkBuA==",
      "license": "Apache-2.0",
      "peerDependencies": {
        "@bufbuild/protobuf": "^2.7.0"
      }
    },
    "node_modules/@connectrpc/connect-web": {
      "version": "2.1.0",
      "resolved": "https://registry.npmjs.org/@connectrpc/connect-web/-/connect-web-2.1.0.tgz",
      "integrity": "sha512-4IBFeMeXS1RVtmmFE/MwH+vWq/5vDRKys70va+DAaWDh83Rdy0iUQOJbITUDzvonlY5as3vwfs5yy9Yp2miHSw==",
      "license": "Apache-2.0",
      "peerDependencies": {
        "@bufbuild/protobuf": "^2.7.0",
        "@connectrpc/connect": "2.1.0"
      }
    }
  }
}
